
Microsoft Visual Studio Solution File, Format Version 12.00
# Visual Studio Version 17
VisualStudioVersion = 17.5.33516.290
MinimumVisualStudioVersion = 10.0.40219.1
Project("{FAE04EC0-301F-11D3-BF4B-00C04F79EFBC}") = "lab0501", "lab0501\lab0501.csproj", "{FCBBD503-DA96-4254-8D46-92D05D88B3B1}"
EndProject
Project("{FAE04EC0-301F-11D3-BF4B-00C04F79EFBC}") = "lab0502", "lab0502\lab0502.csproj", "{C9A35E51-88DF-4B70-AEEC-5FB7A4B026AA}"
EndProject
Project("{FAE04EC0-301F-11D3-BF4B-00C04F79EFBC}") = "lab0503", "lab0503\lab0503.csproj", "{F9E790C8-95E8-45FF-BE68-DFC89554E378}"
EndProject
Global
	GlobalSection(SolutionConfigurationPlatforms) = preSolution
		Debug|Any CPU = Debug|Any CPU
		Release|Any CPU = Release|Any CPU
	EndGlobalSection
	GlobalSection(ProjectConfigurationPlatforms) = postSolution
		{FCBBD503-DA96-4254-8D46-92D05D88B3B1}.Debug|Any CPU.ActiveCfg = Debug|Any CPU
		{FCBBD503-DA96-4254-8D46-92D05D88B3B1}.Debug|Any CPU.Build.0 = Debug|Any CPU
		{FCBBD503-DA96-4254-8D46-92D05D88B3B1}.Release|Any CPU.ActiveCfg = Release|Any CPU
		{FCBBD503-DA96-4254-8D46-92D05D88B3B1}.Release|Any CPU.Build.0 = Release|Any CPU
		{C9A35E51-88DF-4B70-AEEC-5FB7A4B026AA}.Debug|Any CPU.ActiveCfg = Debug|Any CPU
		{C9A35E51-88DF-4B70-AEEC-5FB7A4B026AA}.Debug|Any CPU.Build.0 = Debug|Any CPU
		{C9A35E51-88DF-4B70-AEEC-5FB7A4B026AA}.Release|Any CPU.ActiveCfg = Release|Any CPU
		{C9A35E51-88DF-4B70-AEEC-5FB7A4B026AA}.Release|Any CPU.Build.0 = Release|Any CPU
		{F9E790C8-95E8-45FF-BE68-DFC89554E378}.Debug|Any CPU.ActiveCfg = Debug|Any CPU
		{F9E790C8-95E8-45FF-BE68-DFC89554E378}.Debug|Any CPU.Build.0 = Debug|Any CPU
		{F9E790C8-95E8-45FF-BE68-DFC89554E378}.Release|Any CPU.ActiveCfg = Release|Any CPU
		{F9E790C8-95E8-45FF-BE68-DFC89554E378}.Release|Any CPU.Build.0 = Release|Any CPU
	EndGlobalSection
	GlobalSection(SolutionProperties) = preSolution
		HideSolutionNode = FALSE
	EndGlobalSection
	GlobalSection(ExtensibilityGlobals) = postSolution
		SolutionGuid = {FD624486-1F65-46E4-A18F-7D05849AE7AA}
	EndGlobalSection
EndGlobal
