
Microsoft Visual Studio Solution File, Format Version 12.00
# Visual Studio Version 17
VisualStudioVersion = 17.5.33516.290
MinimumVisualStudioVersion = 10.0.40219.1
Project("{FAE04EC0-301F-11D3-BF4B-00C04F79EFBC}") = "lab08", "lab08.csproj", "{75900B4A-4BED-425D-80BA-E45B162F153B}"
EndProject
Global
	GlobalSection(SolutionConfigurationPlatforms) = preSolution
		Debug|Any CPU = Debug|Any CPU
		Release|Any CPU = Release|Any CPU
	EndGlobalSection
	GlobalSection(ProjectConfigurationPlatforms) = postSolution
		{75900B4A-4BED-425D-80BA-E45B162F153B}.Debug|Any CPU.ActiveCfg = Debug|Any CPU
		{75900B4A-4BED-425D-80BA-E45B162F153B}.Debug|Any CPU.Build.0 = Debug|Any CPU
		{75900B4A-4BED-425D-80BA-E45B162F153B}.Release|Any CPU.ActiveCfg = Release|Any CPU
		{75900B4A-4BED-425D-80BA-E45B162F153B}.Release|Any CPU.Build.0 = Release|Any CPU
	EndGlobalSection
	GlobalSection(SolutionProperties) = preSolution
		HideSolutionNode = FALSE
	EndGlobalSection
	GlobalSection(ExtensibilityGlobals) = postSolution
		SolutionGuid = {B6877683-9C77-475B-8E59-61CC1E7722DC}
	EndGlobalSection
EndGlobal
